
Microsoft Visual Studio Solution File, Format Version 12.00
# Visual Studio 2012
Project("{FAE04EC0-301F-11D3-BF4B-00C04F79EFBC}") = "SimpleWebApi.Net45", "SimpleWebApi.Net45.csproj", "{B9573C74-531B-46DA-9DB1-343B93222D12}"
EndProject
Global
	GlobalSection(SolutionConfigurationPlatforms) = preSolution
		Debug|Any CPU = Debug|Any CPU
		Release|Any CPU = Release|Any CPU
	EndGlobalSection
	GlobalSection(ProjectConfigurationPlatforms) = postSolution
		{B9573C74-531B-46DA-9DB1-343B93222D12}.Debug|Any CPU.ActiveCfg = Debug|Any CPU
		{B9573C74-531B-46DA-9DB1-343B93222D12}.Debug|Any CPU.Build.0 = Debug|Any CPU
		{B9573C74-531B-46DA-9DB1-343B93222D12}.Release|Any CPU.ActiveCfg = Release|Any CPU
		{B9573C74-531B-46DA-9DB1-343B93222D12}.Release|Any CPU.Build.0 = Release|Any CPU
	EndGlobalSection
	GlobalSection(SolutionProperties) = preSolution
		HideSolutionNode = FALSE
	EndGlobalSection
EndGlobal
